PODS:
  - Alamofire (5.4.3)
  - Kingfisher (7.0.0)
  - ReachabilitySwift (5.0.0)
  - SQLite.swift (0.13.0):
    - SQLite.swift/standard (= 0.13.0)
  - SQLite.swift/standard (0.13.0)
  - SwiftyJSON (4.3.0)

DEPENDENCIES:
  - Alamofire (~> 5.2)
  - Kingfisher (~> 7.0)
  - ReachabilitySwift
  - SQLite.swift (~> 0.13.0)
  - SwiftyJSON (~> 4.0)

SPEC REPOS:
  trunk:
    - Alamofire
    - Kingfisher
    - ReachabilitySwift
    - SQLite.swift
    - SwiftyJSON

SPEC CHECKSUMS:
  Alamofire: e447a2774a40c996748296fa2c55112fdbbc42f9
  Kingfisher: 5efc54fec3980f92354898532e562cc17f31efb4
  ReachabilitySwift: 985039c6f7b23a1da463388634119492ff86c825
  SQLite.swift: 8add701609fd0ef78d097dcc75d20a9782e6f5fc
  SwiftyJSON: 6faa0040f8b59dead0ee07436cbf76b73c08fd08

PODFILE CHECKSUM: 49f9966a50342143bcf5870b366fdc500d30cc61

COCOAPODS: 1.11.2
